
Microsoft Visual Studio Solution File, Format Version 12.00
# Visual Studio Version 17
VisualStudioVersion = 17.4.33103.184
MinimumVisualStudioVersion = 10.0.40219.1
Project("{FAE04EC0-301F-11D3-BF4B-00C04F79EFBC}") = "Polymorphsim", "Polymorphsim.csproj", "{56D30BA9-2E47-4DAA-8094-371DD523A391}"
EndProject
Global
	GlobalSection(SolutionConfigurationPlatforms) = preSolution
		Debug|Any CPU = Debug|Any CPU
		Release|Any CPU = Release|Any CPU
	EndGlobalSection
	GlobalSection(ProjectConfigurationPlatforms) = postSolution
		{56D30BA9-2E47-4DAA-8094-371DD523A391}.Debug|Any CPU.ActiveCfg = Debug|Any CPU
		{56D30BA9-2E47-4DAA-8094-371DD523A391}.Debug|Any CPU.Build.0 = Debug|Any CPU
		{56D30BA9-2E47-4DAA-8094-371DD523A391}.Release|Any CPU.ActiveCfg = Release|Any CPU
		{56D30BA9-2E47-4DAA-8094-371DD523A391}.Release|Any CPU.Build.0 = Release|Any CPU
	EndGlobalSection
	GlobalSection(SolutionProperties) = preSolution
		HideSolutionNode = FALSE
	EndGlobalSection
	GlobalSection(ExtensibilityGlobals) = postSolution
		SolutionGuid = {11B859A7-467D-4420-B220-2F3D0E0B635F}
	EndGlobalSection
EndGlobal
